
Microsoft Visual Studio Solution File, Format Version 12.00
# Visual Studio Version 17
VisualStudioVersion = 17.11.35312.102
MinimumVisualStudioVersion = 10.0.40219.1
Project("{FAE04EC0-301F-11D3-BF4B-00C04F79EFBC}") = "DevGearBox.Win", "DevGearBox.Win.csproj", "{5D501B53-FB88-434A-8494-E298E571A638}"
EndProject
Project("{FAE04EC0-301F-11D3-BF4B-00C04F79EFBC}") = "DevGearBox.Services", "..\DevGearBox.Services\DevGearBox.Services.csproj", "{E335F296-E0BD-4E90-839B-4F88672C32E1}"
EndProject
Project("{FAE04EC0-301F-11D3-BF4B-00C04F79EFBC}") = "DevGearBox.Console", "..\DevGearBox.Console\DevGearBox.Console.csproj", "{4CA7733B-9831-4E31-94CA-F21CE79ADAF2}"
EndProject
Project("{FAE04EC0-301F-11D3-BF4B-00C04F79EFBC}") = "DevGearBox.Tests", "..\DevGearBox.Tests\DevGearBox.Tests.csproj", "{7A1AC0CF-8313-447D-A452-30FA05E95965}"
EndProject
Global
	GlobalSection(SolutionConfigurationPlatforms) = preSolution
		Debug|Any CPU = Debug|Any CPU
		Release|Any CPU = Release|Any CPU
	EndGlobalSection
	GlobalSection(ProjectConfigurationPlatforms) = postSolution
		{5D501B53-FB88-434A-8494-E298E571A638}.Debug|Any CPU.ActiveCfg = Debug|Any CPU
		{5D501B53-FB88-434A-8494-E298E571A638}.Debug|Any CPU.Build.0 = Debug|Any CPU
		{5D501B53-FB88-434A-8494-E298E571A638}.Release|Any CPU.ActiveCfg = Release|Any CPU
		{5D501B53-FB88-434A-8494-E298E571A638}.Release|Any CPU.Build.0 = Release|Any CPU
		{E335F296-E0BD-4E90-839B-4F88672C32E1}.Debug|Any CPU.ActiveCfg = Debug|Any CPU
		{E335F296-E0BD-4E90-839B-4F88672C32E1}.Debug|Any CPU.Build.0 = Debug|Any CPU
		{E335F296-E0BD-4E90-839B-4F88672C32E1}.Release|Any CPU.ActiveCfg = Release|Any CPU
		{E335F296-E0BD-4E90-839B-4F88672C32E1}.Release|Any CPU.Build.0 = Release|Any CPU
		{4CA7733B-9831-4E31-94CA-F21CE79ADAF2}.Debug|Any CPU.ActiveCfg = Debug|Any CPU
		{4CA7733B-9831-4E31-94CA-F21CE79ADAF2}.Debug|Any CPU.Build.0 = Debug|Any CPU
		{4CA7733B-9831-4E31-94CA-F21CE79ADAF2}.Release|Any CPU.ActiveCfg = Release|Any CPU
		{4CA7733B-9831-4E31-94CA-F21CE79ADAF2}.Release|Any CPU.Build.0 = Release|Any CPU
		{7A1AC0CF-8313-447D-A452-30FA05E95965}.Debug|Any CPU.ActiveCfg = Debug|Any CPU
		{7A1AC0CF-8313-447D-A452-30FA05E95965}.Debug|Any CPU.Build.0 = Debug|Any CPU
		{7A1AC0CF-8313-447D-A452-30FA05E95965}.Release|Any CPU.ActiveCfg = Release|Any CPU
		{7A1AC0CF-8313-447D-A452-30FA05E95965}.Release|Any CPU.Build.0 = Release|Any CPU
	EndGlobalSection
	GlobalSection(SolutionProperties) = preSolution
		HideSolutionNode = FALSE
	EndGlobalSection
	GlobalSection(ExtensibilityGlobals) = postSolution
		SolutionGuid = {AB833B29-6A4A-435C-9B50-3F0E327ACCCF}
	EndGlobalSection
EndGlobal
